
Microsoft Visual Studio Solution File, Format Version 12.00
# Visual Studio Version 17
VisualStudioVersion = 17.14.36414.22 d17.14
MinimumVisualStudioVersion = 10.0.40219.1
Project("{FAE04EC0-301F-11D3-BF4B-00C04F79EFBC}") = "PlanetRush", "PlanetRush\PlanetRush.csproj", "{836D430B-D7D0-4BEA-B029-172F811FC19D}"
EndProject
Global
	GlobalSection(SolutionConfigurationPlatforms) = preSolution
		Debug|Any CPU = Debug|Any CPU
		Release|Any CPU = Release|Any CPU
	EndGlobalSection
	GlobalSection(ProjectConfigurationPlatforms) = postSolution
		{836D430B-D7D0-4BEA-B029-172F811FC19D}.Debug|Any CPU.ActiveCfg = Debug|Any CPU
		{836D430B-D7D0-4BEA-B029-172F811FC19D}.Debug|Any CPU.Build.0 = Debug|Any CPU
		{836D430B-D7D0-4BEA-B029-172F811FC19D}.Release|Any CPU.ActiveCfg = Release|Any CPU
		{836D430B-D7D0-4BEA-B029-172F811FC19D}.Release|Any CPU.Build.0 = Release|Any CPU
	EndGlobalSection
	GlobalSection(SolutionProperties) = preSolution
		HideSolutionNode = FALSE
	EndGlobalSection
	GlobalSection(ExtensibilityGlobals) = postSolution
		SolutionGuid = {A4FF8CC5-60D5-4514-8B7B-0A123B30857D}
	EndGlobalSection
EndGlobal
